// !$*UTF8*$!
{
	archiveVersion = 1;
	classes = {
	};
	objectVersion = 46;
	objects = {

/* Begin PBXBuildFile section */
		52575F6019CA40B000F37DD3 /* Foundation.framework in Frameworks */ = {isa = PBXBuildFile; fileRef = 52575F5F19CA40B000F37DD3 /* Foundation.framework */; };
		52575F6219CA40B000F37DD3 /* CoreGraphics.framework in Frameworks */ = {isa = PBXBuildFile; fileRef = 52575F6119CA40B000F37DD3 /* CoreGraphics.framework */; };
		52575F6419CA40B000F37DD3 /* UIKit.framework in Frameworks */ = {isa = PBXBuildFile; fileRef = 52575F6319CA40B000F37DD3 /* UIKit.framework */; };
		52575F6A19CA40B000F37DD3 /* InfoPlist.strings in Resources */ = {isa = PBXBuildFile; fileRef = 52575F6819CA40B000F37DD3 /* InfoPlist.strings */; };
		52575F6C19CA40B000F37DD3 /* main.m in Sources */ = {isa = PBXBuildFile; fileRef = 52575F6B19CA40B000F37DD3 /* main.m */; };
		52575F7019CA40B000F37DD3 /* AppDelegate.m in Sources */ = {isa = PBXBuildFile; fileRef = 52575F6F19CA40B000F37DD3 /* AppDelegate.m */; };
		52575F7319CA40B000F37DD3 /* Main_iPhone.storyboard in Resources */ = {isa = PBXBuildFile; fileRef = 52575F7119CA40B000F37DD3 /* Main_iPhone.storyboard */; };
		52575F7619CA40B000F37DD3 /* Main_iPad.storyboard in Resources */ = {isa = PBXBuildFile; fileRef = 52575F7419CA40B000F37DD3 /* Main_iPad.storyboard */; };
		52575F7B19CA40B000F37DD3 /* Images.xcassets in Resources */ = {isa = PBXBuildFile; fileRef = 52575F7A19CA40B000F37DD3 /* Images.xcassets */; };
		52575F8219CA40B000F37DD3 /* XCTest.framework in Frameworks */ = {isa = PBXBuildFile; fileRef = 52575F8119CA40B000F37DD3 /* XCTest.framework */; };
		52575F8319CA40B000F37DD3 /* Foundation.framework in Frameworks */ = {isa = PBXBuildFile; fileRef = 52575F5F19CA40B000F37DD3 /* Foundation.framework */; };
		52575F8419CA40B000F37DD3 /* UIKit.framework in Frameworks */ = {isa = PBXBuildFile; fileRef = 52575F6319CA40B000F37DD3 /* UIKit.framework */; };
		52575F8C19CA40B000F37DD3 /* InfoPlist.strings in Resources */ = {isa = PBXBuildFile; fileRef = 52575F8A19CA40B000F37DD3 /* InfoPlist.strings */; };
		52575F8E19CA40B000F37DD3 /* todo_taskTests.m in Sources */ = {isa = PBXBuildFile; fileRef = 52575F8D19CA40B000F37DD3 /* todo_taskTests.m */; };
		52575FEE19CA494500F37DD3 /* MFSideMenu.h in Sources */ = {isa = PBXBuildFile; fileRef = 52575FE719CA493400F37DD3 /* MFSideMenu.h */; };
		52575FEF19CA494500F37DD3 /* MFSideMenuContainerViewController.h in Sources */ = {isa = PBXBuildFile; fileRef = 52575FE819CA493400F37DD3 /* MFSideMenuContainerViewController.h */; };
		52575FF019CA494500F37DD3 /* MFSideMenuContainerViewController.m in Sources */ = {isa = PBXBuildFile; fileRef = 52575FE919CA493400F37DD3 /* MFSideMenuContainerViewController.m */; };
		52575FF119CA494500F37DD3 /* MFSideMenuShadow.h in Sources */ = {isa = PBXBuildFile; fileRef = 52575FEA19CA493400F37DD3 /* MFSideMenuShadow.h */; };
		52575FF219CA494500F37DD3 /* MFSideMenuShadow.m in Sources */ = {isa = PBXBuildFile; fileRef = 52575FEB19CA493400F37DD3 /* MFSideMenuShadow.m */; };
		52575FF319CA494500F37DD3 /* UIViewController+MFSideMenuAdditions.h in Sources */ = {isa = PBXBuildFile; fileRef = 52575FEC19CA493400F37DD3 /* UIViewController+MFSideMenuAdditions.h */; };
		52575FF419CA494500F37DD3 /* UIViewController+MFSideMenuAdditions.m in Sources */ = {isa = PBXBuildFile; fileRef = 52575FED19CA493400F37DD3 /* UIViewController+MFSideMenuAdditions.m */; };
		52575FF719CA4A5F00F37DD3 /* Boot.m in Sources */ = {isa = PBXBuildFile; fileRef = 52575FF619CA4A5F00F37DD3 /* Boot.m */; };
		52575FFA19CA4AAA00F37DD3 /* ApplicationController.m in Sources */ = {isa = PBXBuildFile; fileRef = 52575FF919CA4AAA00F37DD3 /* ApplicationController.m */; };
		52575FFD19CA4AF600F37DD3 /* Model.xcdatamodeld in Sources */ = {isa = PBXBuildFile; fileRef = 52575FFB19CA4AF600F37DD3 /* Model.xcdatamodeld */; };
		525DCFF419CB0469008B1762 /* SideMenuController.m in Sources */ = {isa = PBXBuildFile; fileRef = 525DCFF319CB0469008B1762 /* SideMenuController.m */; };
		525DCFF719CB063A008B1762 /* HomeController.m in Sources */ = {isa = PBXBuildFile; fileRef = 525DCFF619CB063A008B1762 /* HomeController.m */; };
		525DCFFA19CB0AFF008B1762 /* menu-icon@2x.png in Resources */ = {isa = PBXBuildFile; fileRef = 525DCFF919CB0AFF008B1762 /* menu-icon@2x.png */; };
		525DD00219CB2F51008B1762 /* WebServiceController.m in Sources */ = {isa = PBXBuildFile; fileRef = 525DD00119CB2F51008B1762 /* WebServiceController.m */; };
		52F7337619CC5D050036E5B1 /* Social.framework in Frameworks */ = {isa = PBXBuildFile; fileRef = 52F7337519CC5D050036E5B1 /* Social.framework */; };
		52F7337819CC5D210036E5B1 /* Accounts.framework in Frameworks */ = {isa = PBXBuildFile; fileRef = 52F7337719CC5D210036E5B1 /* Accounts.framework */; };
		52F7337C19CC5ED00036E5B1 /* WebService.m in Sources */ = {isa = PBXBuildFile; fileRef = 52F7337B19CC5ED00036E5B1 /* WebService.m */; };
/* End PBXBuildFile section */

/* Begin PBXContainerItemProxy section */
		52575F8519CA40B000F37DD3 /* PBXContainerItemProxy */ = {
			isa = PBXContainerItemProxy;
			containerPortal = 52575F5419CA40B000F37DD3 /* Project object */;
			proxyType = 1;
			remoteGlobalIDString = 52575F5B19CA40B000F37DD3;
			remoteInfo = "todo-task";
		};
/* End PBXContainerItemProxy section */

/* Begin PBXFileReference section */
		52575F5C19CA40B000F37DD3 /* todo-task.app */ = {isa = PBXFileReference; explicitFileType = wrapper.application; includeInIndex = 0; path = "todo-task.app"; sourceTree = BUILT_PRODUCTS_DIR; };
		52575F5F19CA40B000F37DD3 /* Foundation.framework */ = {isa = PBXFileReference; lastKnownFileType = wrapper.framework; name = Foundation.framework; path = System/Library/Frameworks/Foundation.framework; sourceTree = SDKROOT; };
		52575F6119CA40B000F37DD3 /* CoreGraphics.framework */ = {isa = PBXFileReference; lastKnownFileType = wrapper.framework; name = CoreGraphics.framework; path = System/Library/Frameworks/CoreGraphics.framework; sourceTree = SDKROOT; };
		52575F6319CA40B000F37DD3 /* UIKit.framework */ = {isa = PBXFileReference; lastKnownFileType = wrapper.framework; name = UIKit.framework; path = System/Library/Frameworks/UIKit.framework; sourceTree = SDKROOT; };
		52575F6719CA40B000F37DD3 /* todo-task-Info.plist */ = {isa = PBXFileReference; lastKnownFileType = text.plist.xml; path = "todo-task-Info.plist"; sourceTree = "<group>"; };
		52575F6919CA40B000F37DD3 /* en */ = {isa = PBXFileReference; lastKnownFileType = text.plist.strings; name = en; path = en.lproj/InfoPlist.strings; sourceTree = "<group>"; };
		52575F6B19CA40B000F37DD3 /* main.m */ = {isa = PBXFileReference; lastKnownFileType = sourcecode.c.objc; path = main.m; sourceTree = "<group>"; };
		52575F6D19CA40B000F37DD3 /* todo-task-Prefix.pch */ = {isa = PBXFileReference; lastKnownFileType = sourcecode.c.h; path = "todo-task-Prefix.pch"; sourceTree = "<group>"; };
		52575F6E19CA40B000F37DD3 /* AppDelegate.h */ = {isa = PBXFileReference; lastKnownFileType = sourcecode.c.h; path = AppDelegate.h; sourceTree = "<group>"; };
		52575F6F19CA40B000F37DD3 /* AppDelegate.m */ = {isa = PBXFileReference; lastKnownFileType = sourcecode.c.objc; path = AppDelegate.m; sourceTree = "<group>"; };
		52575F7219CA40B000F37DD3 /* Base */ = {isa = PBXFileReference; lastKnownFileType = file.storyboard; name = Base; path = Base.lproj/Main_iPhone.storyboard; sourceTree = "<group>"; };
		52575F7519CA40B000F37DD3 /* Base */ = {isa = PBXFileReference; lastKnownFileType = file.storyboard; name = Base; path = Base.lproj/Main_iPad.storyboard; sourceTree = "<group>"; };
		52575F7A19CA40B000F37DD3 /* Images.xcassets */ = {isa = PBXFileReference; lastKnownFileType = folder.assetcatalog; path = Images.xcassets; sourceTree = "<group>"; };
		52575F8019CA40B000F37DD3 /* todo-taskTests.xctest */ = {isa = PBXFileReference; explicitFileType = wrapper.cfbundle; includeInIndex = 0; path = "todo-taskTests.xctest"; sourceTree = BUILT_PRODUCTS_DIR; };
		52575F8119CA40B000F37DD3 /* XCTest.framework */ = {isa = PBXFileReference; lastKnownFileType = wrapper.framework; name = XCTest.framework; path = Library/Frameworks/XCTest.framework; sourceTree = DEVELOPER_DIR; };
		52575F8919CA40B000F37DD3 /* todo-taskTests-Info.plist */ = {isa = PBXFileReference; lastKnownFileType = text.plist.xml; path = "todo-taskTests-Info.plist"; sourceTree = "<group>"; };
		52575F8B19CA40B000F37DD3 /* en */ = {isa = PBXFileReference; lastKnownFileType = text.plist.strings; name = en; path = en.lproj/InfoPlist.strings; sourceTree = "<group>"; };
		52575F8D19CA40B000F37DD3 /* todo_taskTests.m */ = {isa = PBXFileReference; lastKnownFileType = sourcecode.c.objc; path = todo_taskTests.m; sourceTree = "<group>"; };
		52575FE719CA493400F37DD3 /* MFSideMenu.h */ = {isa = PBXFileReference; lastKnownFileType = sourcecode.c.h; path = MFSideMenu.h; sourceTree = "<group>"; };
		52575FE819CA493400F37DD3 /* MFSideMenuContainerViewController.h */ = {isa = PBXFileReference; lastKnownFileType = sourcecode.c.h; path = MFSideMenuContainerViewController.h; sourceTree = "<group>"; };
		52575FE919CA493400F37DD3 /* MFSideMenuContainerViewController.m */ = {isa = PBXFileReference; lastKnownFileType = sourcecode.c.objc; path = MFSideMenuContainerViewController.m; sourceTree = "<group>"; };
		52575FEA19CA493400F37DD3 /* MFSideMenuShadow.h */ = {isa = PBXFileReference; lastKnownFileType = sourcecode.c.h; path = MFSideMenuShadow.h; sourceTree = "<group>"; };
		52575FEB19CA493400F37DD3 /* MFSideMenuShadow.m */ = {isa = PBXFileReference; lastKnownFileType = sourcecode.c.objc; path = MFSideMenuShadow.m; sourceTree = "<group>"; };
		52575FEC19CA493400F37DD3 /* UIViewController+MFSideMenuAdditions.h */ = {isa = PBXFileReference; lastKnownFileType = sourcecode.c.h; path = "UIViewController+MFSideMenuAdditions.h"; sourceTree = "<group>"; };
		52575FED19CA493400F37DD3 /* UIViewController+MFSideMenuAdditions.m */ = {isa = PBXFileReference; lastKnownFileType = sourcecode.c.objc; path = "UIViewController+MFSideMenuAdditions.m"; sourceTree = "<group>"; };
		52575FF519CA4A5F00F37DD3 /* Boot.h */ = {isa = PBXFileReference; fileEncoding = 4; lastKnownFileType = sourcecode.c.h; path = Boot.h; sourceTree = "<group>"; };
		52575FF619CA4A5F00F37DD3 /* Boot.m */ = {isa = PBXFileReference; fileEncoding = 4; lastKnownFileType = sourcecode.c.objc; path = Boot.m; sourceTree = "<group>"; };
		52575FF819CA4AAA00F37DD3 /* ApplicationController.h */ = {isa = PBXFileReference; fileEncoding = 4; lastKnownFileType = sourcecode.c.h; path = ApplicationController.h; sourceTree = "<group>"; };
		52575FF919CA4AAA00F37DD3 /* ApplicationController.m */ = {isa = PBXFileReference; fileEncoding = 4; lastKnownFileType = sourcecode.c.objc; path = ApplicationController.m; sourceTree = "<group>"; };
		52575FFC19CA4AF600F37DD3 /* Model.xcdatamodel */ = {isa = PBXFileReference; lastKnownFileType = wrapper.xcdatamodel; path = Model.xcdatamodel; sourceTree = "<group>"; };
		525DCFF219CB0469008B1762 /* SideMenuController.h */ = {isa = PBXFileReference; fileEncoding = 4; lastKnownFileType = sourcecode.c.h; path = SideMenuController.h; sourceTree = "<group>"; };
		525DCFF319CB0469008B1762 /* SideMenuController.m */ = {isa = PBXFileReference; fileEncoding = 4; lastKnownFileType = sourcecode.c.objc; path = SideMenuController.m; sourceTree = "<group>"; };
		525DCFF519CB063A008B1762 /* HomeController.h */ = {isa = PBXFileReference; fileEncoding = 4; lastKnownFileType = sourcecode.c.h; path = HomeController.h; sourceTree = "<group>"; };
		525DCFF619CB063A008B1762 /* HomeController.m */ = {isa = PBXFileReference; fileEncoding = 4; lastKnownFileType = sourcecode.c.objc; path = HomeController.m; sourceTree = "<group>"; };
		525DCFF919CB0AFF008B1762 /* menu-icon@2x.png */ = {isa = PBXFileReference; lastKnownFileType = image.png; path = "menu-icon@2x.png"; sourceTree = "<group>"; };
		525DD00019CB2F51008B1762 /* WebServiceController.h */ = {isa = PBXFileReference; fileEncoding = 4; lastKnownFileType = sourcecode.c.h; path = WebServiceController.h; sourceTree = "<group>"; };
		525DD00119CB2F51008B1762 /* WebServiceController.m */ = {isa = PBXFileReference; fileEncoding = 4; lastKnownFileType = sourcecode.c.objc; path = WebServiceController.m; sourceTree = "<group>"; };
		525DD00319CB36A3008B1762 /* Twitter.framework */ = {isa = PBXFileReference; lastKnownFileType = wrapper.framework; name = Twitter.framework; path = System/Library/Frameworks/Twitter.framework; sourceTree = SDKROOT; };
		52F7337519CC5D050036E5B1 /* Social.framework */ = {isa = PBXFileReference; lastKnownFileType = wrapper.framework; name = Social.framework; path = System/Library/Frameworks/Social.framework; sourceTree = SDKROOT; };
		52F7337719CC5D210036E5B1 /* Accounts.framework */ = {isa = PBXFileReference; lastKnownFileType = wrapper.framework; name = Accounts.framework; path = System/Library/Frameworks/Accounts.framework; sourceTree = SDKROOT; };
		52F7337A19CC5ED00036E5B1 /* WebService.h */ = {isa = PBXFileReference; fileEncoding = 4; lastKnownFileType = sourcecode.c.h; path = WebService.h; sourceTree = "<group>"; };
		52F7337B19CC5ED00036E5B1 /* WebService.m */ = {isa = PBXFileReference; fileEncoding = 4; lastKnownFileType = sourcecode.c.objc; path = WebService.m; sourceTree = "<group>"; };
/* End PBXFileReference section */

/* Begin PBXFrameworksBuildPhase section */
		52575F5919CA40B000F37DD3 /* Frameworks */ = {
			isa = PBXFrameworksBuildPhase;
			buildActionMask = 2147483647;
			files = (
				52F7337819CC5D210036E5B1 /* Accounts.framework in Frameworks */,
				52F7337619CC5D050036E5B1 /* Social.framework in Frameworks */,
				52575F6219CA40B000F37DD3 /* CoreGraphics.framework in Frameworks */,
				52575F6419CA40B000F37DD3 /* UIKit.framework in Frameworks */,
				52575F6019CA40B000F37DD3 /* Foundation.framework in Frameworks */,
			);
			runOnlyForDeploymentPostprocessing = 0;
		};
		52575F7D19CA40B000F37DD3 /* Frameworks */ = {
			isa = PBXFrameworksBuildPhase;
			buildActionMask = 2147483647;
			files = (
				52575F8219CA40B000F37DD3 /* XCTest.framework in Frameworks */,
				52575F8419CA40B000F37DD3 /* UIKit.framework in Frameworks */,
				52575F8319CA40B000F37DD3 /* Foundation.framework in Frameworks */,
			);
			runOnlyForDeploymentPostprocessing = 0;
		};
/* End PBXFrameworksBuildPhase section */

/* Begin PBXGroup section */
		52575F5319CA40B000F37DD3 = {
			isa = PBXGroup;
			children = (
				52575F6519CA40B000F37DD3 /* todo-task */,
				52575F8719CA40B000F37DD3 /* todo-taskTests */,
				52575F5E19CA40B000F37DD3 /* Frameworks */,
				52575F5D19CA40B000F37DD3 /* Products */,
			);
			sourceTree = "<group>";
		};
		52575F5D19CA40B000F37DD3 /* Products */ = {
			isa = PBXGroup;
			children = (
				52575F5C19CA40B000F37DD3 /* todo-task.app */,
				52575F8019CA40B000F37DD3 /* todo-taskTests.xctest */,
			);
			name = Products;
			sourceTree = "<group>";
		};
		52575F5E19CA40B000F37DD3 /* Frameworks */ = {
			isa = PBXGroup;
			children = (
				52F7337719CC5D210036E5B1 /* Accounts.framework */,
				52F7337519CC5D050036E5B1 /* Social.framework */,
				525DD00319CB36A3008B1762 /* Twitter.framework */,
				52575F5F19CA40B000F37DD3 /* Foundation.framework */,
				52575F6119CA40B000F37DD3 /* CoreGraphics.framework */,
				52575F6319CA40B000F37DD3 /* UIKit.framework */,
				52575F8119CA40B000F37DD3 /* XCTest.framework */,
			);
			name = Frameworks;
			sourceTree = "<group>";
		};
		52575F6519CA40B000F37DD3 /* todo-task */ = {
			isa = PBXGroup;
			children = (
				52F7337919CC5E910036E5B1 /* JSONparser */,
				525DCFF819CB0A89008B1762 /* resources */,
				52575F9A19CA466800F37DD3 /* Library */,
				52575F9719CA45FD00F37DD3 /* Boot */,
				52575F9819CA45FD00F37DD3 /* Controllers */,
				52575F9919CA45FD00F37DD3 /* Models */,
				52575F6E19CA40B000F37DD3 /* AppDelegate.h */,
				52575F6F19CA40B000F37DD3 /* AppDelegate.m */,
				52575F7119CA40B000F37DD3 /* Main_iPhone.storyboard */,
				52575F7419CA40B000F37DD3 /* Main_iPad.storyboard */,
				52575F7A19CA40B000F37DD3 /* Images.xcassets */,
				52575F6619CA40B000F37DD3 /* Supporting Files */,
			);
			path = "todo-task";
			sourceTree = "<group>";
		};
		52575F6619CA40B000F37DD3 /* Supporting Files */ = {
			isa = PBXGroup;
			children = (
				52575FFB19CA4AF600F37DD3 /* Model.xcdatamodeld */,
				52575F6719CA40B000F37DD3 /* todo-task-Info.plist */,
				52575F6819CA40B000F37DD3 /* InfoPlist.strings */,
				52575F6B19CA40B000F37DD3 /* main.m */,
				52575F6D19CA40B000F37DD3 /* todo-task-Prefix.pch */,
			);
			name = "Supporting Files";
			sourceTree = "<group>";
		};
		52575F8719CA40B000F37DD3 /* todo-taskTests */ = {
			isa = PBXGroup;
			children = (
				52575F8D19CA40B000F37DD3 /* todo_taskTests.m */,
				52575F8819CA40B000F37DD3 /* Supporting Files */,
			);
			path = "todo-taskTests";
			sourceTree = "<group>";
		};
		52575F8819CA40B000F37DD3 /* Supporting Files */ = {
			isa = PBXGroup;
			children = (
				52575F8919CA40B000F37DD3 /* todo-taskTests-Info.plist */,
				52575F8A19CA40B000F37DD3 /* InfoPlist.strings */,
			);
			name = "Supporting Files";
			sourceTree = "<group>";
		};
		52575F9719CA45FD00F37DD3 /* Boot */ = {
			isa = PBXGroup;
			children = (
				52575FF519CA4A5F00F37DD3 /* Boot.h */,
				52575FF619CA4A5F00F37DD3 /* Boot.m */,
			);
			path = Boot;
			sourceTree = "<group>";
		};
		52575F9819CA45FD00F37DD3 /* Controllers */ = {
			isa = PBXGroup;
			children = (
				525DD00019CB2F51008B1762 /* WebServiceController.h */,
				525DD00119CB2F51008B1762 /* WebServiceController.m */,
				525DCFF519CB063A008B1762 /* HomeController.h */,
				525DCFF619CB063A008B1762 /* HomeController.m */,
				52575FF819CA4AAA00F37DD3 /* ApplicationController.h */,
				52575FF919CA4AAA00F37DD3 /* ApplicationController.m */,
				525DCFF219CB0469008B1762 /* SideMenuController.h */,
				525DCFF319CB0469008B1762 /* SideMenuController.m */,
			);
			path = Controllers;
			sourceTree = "<group>";
		};
		52575F9919CA45FD00F37DD3 /* Models */ = {
			isa = PBXGroup;
			children = (
			);
			path = Models;
			sourceTree = "<group>";
		};
		52575F9A19CA466800F37DD3 /* Library */ = {
			isa = PBXGroup;
			children = (
				52575FE619CA493400F37DD3 /* MFSideMenu */,
			);
			path = Library;
			sourceTree = "<group>";
		};
		52575FE619CA493400F37DD3 /* MFSideMenu */ = {
			isa = PBXGroup;
			children = (
				52575FE719CA493400F37DD3 /* MFSideMenu.h */,
				52575FE819CA493400F37DD3 /* MFSideMenuContainerViewController.h */,
				52575FE919CA493400F37DD3 /* MFSideMenuContainerViewController.m */,
				52575FEA19CA493400F37DD3 /* MFSideMenuShadow.h */,
				52575FEB19CA493400F37DD3 /* MFSideMenuShadow.m */,
				52575FEC19CA493400F37DD3 /* UIViewController+MFSideMenuAdditions.h */,
				52575FED19CA493400F37DD3 /* UIViewController+MFSideMenuAdditions.m */,
			);
			path = MFSideMenu;
			sourceTree = "<group>";
		};
		525DCFF819CB0A89008B1762 /* resources */ = {
			isa = PBXGroup;
			children = (
				525DCFF919CB0AFF008B1762 /* menu-icon@2x.png */,
			);
			path = resources;
			sourceTree = "<group>";
		};
		52F7337919CC5E910036E5B1 /* JSONparser */ = {
			isa = PBXGroup;
			children = (
				52F7337A19CC5ED00036E5B1 /* WebService.h */,
				52F7337B19CC5ED00036E5B1 /* WebService.m */,
			);
			path = JSONparser;
			sourceTree = "<group>";
		};
/* End PBXGroup section */

/* Begin PBXNativeTarget section */
		52575F5B19CA40B000F37DD3 /* todo-task */ = {
			isa = PBXNativeTarget;
			buildConfigurationList = 52575F9119CA40B000F37DD3 /* Build configuration list for PBXNativeTarget "todo-task" */;
			buildPhases = (
				52575F5819CA40B000F37DD3 /* Sources */,
				52575F5919CA40B000F37DD3 /* Frameworks */,
				52575F5A19CA40B000F37DD3 /* Resources */,
			);
			buildRules = (
			);
			dependencies = (
			);
			name = "todo-task";
			productName = "todo-task";
			productReference = 52575F5C19CA40B000F37DD3 /* todo-task.app */;
			productType = "com.apple.product-type.application";
		};
		52575F7F19CA40B000F37DD3 /* todo-taskTests */ = {
			isa = PBXNativeTarget;
			buildConfigurationList = 52575F9419CA40B000F37DD3 /* Build configuration list for PBXNativeTarget "todo-taskTests" */;
			buildPhases = (
				52575F7C19CA40B000F37DD3 /* Sources */,
				52575F7D19CA40B000F37DD3 /* Frameworks */,
				52575F7E19CA40B000F37DD3 /* Resources */,
			);
			buildRules = (
			);
			dependencies = (
				52575F8619CA40B000F37DD3 /* PBXTargetDependency */,
			);
			name = "todo-taskTests";
			productName = "todo-taskTests";
			productReference = 52575F8019CA40B000F37DD3 /* todo-taskTests.xctest */;
			productType = "com.apple.product-type.bundle.unit-test";
		};
/* End PBXNativeTarget section */

/* Begin PBXProject section */
		52575F5419CA40B000F37DD3 /* Project object */ = {
			isa = PBXProject;
			attributes = {
				LastUpgradeCheck = 0510;
				ORGANIZATIONNAME = Task;
				TargetAttributes = {
					52575F7F19CA40B000F37DD3 = {
						TestTargetID = 52575F5B19CA40B000F37DD3;
					};
				};
			};
			buildConfigurationList = 52575F5719CA40B000F37DD3 /* Build configuration list for PBXProject "todo-task" */;
			compatibilityVersion = "Xcode 3.2";
			developmentRegion = English;
			hasScannedForEncodings = 0;
			knownRegions = (
				en,
				Base,
			);
			mainGroup = 52575F5319CA40B000F37DD3;
			productRefGroup = 52575F5D19CA40B000F37DD3 /* Products */;
			projectDirPath = "";
			projectRoot = "";
			targets = (
				52575F5B19CA40B000F37DD3 /* todo-task */,
				52575F7F19CA40B000F37DD3 /* todo-taskTests */,
			);
		};
/* End PBXProject section */

/* Begin PBXResourcesBuildPhase section */
		52575F5A19CA40B000F37DD3 /* Resources */ = {
			isa = PBXResourcesBuildPhase;
			buildActionMask = 2147483647;
			files = (
				525DCFFA19CB0AFF008B1762 /* menu-icon@2x.png in Resources */,
				52575F7619CA40B000F37DD3 /* Main_iPad.storyboard in Resources */,
				52575F7B19CA40B000F37DD3 /* Images.xcassets in Resources */,
				52575F7319CA40B000F37DD3 /* Main_iPhone.storyboard in Resources */,
				52575F6A19CA40B000F37DD3 /* InfoPlist.strings in Resources */,
			);
			runOnlyForDeploymentPostprocessing = 0;
		};
		52575F7E19CA40B000F37DD3 /* Resources */ = {
			isa = PBXResourcesBuildPhase;
			buildActionMask = 2147483647;
			files = (
				52575F8C19CA40B000F37DD3 /* InfoPlist.strings in Resources */,
			);
			runOnlyForDeploymentPostprocessing = 0;
		};
/* End PBXResourcesBuildPhase section */

/* Begin PBXSourcesBuildPhase section */
		52575F5819CA40B000F37DD3 /* Sources */ = {
			isa = PBXSourcesBuildPhase;
			buildActionMask = 2147483647;
			files = (
				52575FEE19CA494500F37DD3 /* MFSideMenu.h in Sources */,
				52575FEF19CA494500F37DD3 /* MFSideMenuContainerViewController.h in Sources */,
				52575FF019CA494500F37DD3 /* MFSideMenuContainerViewController.m in Sources */,
				52575FF119CA494500F37DD3 /* MFSideMenuShadow.h in Sources */,
				52575FF219CA494500F37DD3 /* MFSideMenuShadow.m in Sources */,
				52575FF319CA494500F37DD3 /* UIViewController+MFSideMenuAdditions.h in Sources */,
				52F7337C19CC5ED00036E5B1 /* WebService.m in Sources */,
				52575FF419CA494500F37DD3 /* UIViewController+MFSideMenuAdditions.m in Sources */,
				52575FF719CA4A5F00F37DD3 /* Boot.m in Sources */,
				52575FFD19CA4AF600F37DD3 /* Model.xcdatamodeld in Sources */,
				52575FFA19CA4AAA00F37DD3 /* ApplicationController.m in Sources */,
				525DD00219CB2F51008B1762 /* WebServiceController.m in Sources */,
				525DCFF419CB0469008B1762 /* SideMenuController.m in Sources */,
				525DCFF719CB063A008B1762 /* HomeController.m in Sources */,
				52575F7019CA40B000F37DD3 /* AppDelegate.m in Sources */,
				52575F6C19CA40B000F37DD3 /* main.m in Sources */,
			);
			runOnlyForDeploymentPostprocessing = 0;
		};
		52575F7C19CA40B000F37DD3 /* Sources */ = {
			isa = PBXSourcesBuildPhase;
			buildActionMask = 2147483647;
			files = (
				52575F8E19CA40B000F37DD3 /* todo_taskTests.m in Sources */,
			);
			runOnlyForDeploymentPostprocessing = 0;
		};
/* End PBXSourcesBuildPhase section */

/* Begin PBXTargetDependency section */
		52575F8619CA40B000F37DD3 /* PBXTargetDependency */ = {
			isa = PBXTargetDependency;
			target = 52575F5B19CA40B000F37DD3 /* todo-task */;
			targetProxy = 52575F8519CA40B000F37DD3 /* PBXContainerItemProxy */;
		};
/* End PBXTargetDependency section */

/* Begin PBXVariantGroup section */
		52575F6819CA40B000F37DD3 /* InfoPlist.strings */ = {
			isa = PBXVariantGroup;
			children = (
				52575F6919CA40B000F37DD3 /* en */,
			);
			name = InfoPlist.strings;
			sourceTree = "<group>";
		};
		52575F7119CA40B000F37DD3 /* Main_iPhone.storyboard */ = {
			isa = PBXVariantGroup;
			children = (
				52575F7219CA40B000F37DD3 /* Base */,
			);
			name = Main_iPhone.storyboard;
			sourceTree = "<group>";
		};
		52575F7419CA40B000F37DD3 /* Main_iPad.storyboard */ = {
			isa = PBXVariantGroup;
			children = (
				52575F7519CA40B000F37DD3 /* Base */,
			);
			name = Main_iPad.storyboard;
			sourceTree = "<group>";
		};
		52575F8A19CA40B000F37DD3 /* InfoPlist.strings */ = {
			isa = PBXVariantGroup;
			children = (
				52575F8B19CA40B000F37DD3 /* en */,
			);
			name = InfoPlist.strings;
			sourceTree = "<group>";
		};
/* End PBXVariantGroup section */

/* Begin XCBuildConfiguration section */
		52575F8F19CA40B000F37DD3 /* Debug */ = {
			isa = XCBuildConfiguration;
			buildSettings = {
				ALWAYS_SEARCH_USER_PATHS = NO;
				CLANG_CXX_LANGUAGE_STANDARD = "gnu++0x";
				CLANG_CXX_LIBRARY = "libc++";
				CLANG_ENABLE_MODULES = YES;
				CLANG_ENABLE_OBJC_ARC = YES;
				CLANG_WARN_BOOL_CONVERSION = YES;
				CLANG_WARN_CONSTANT_CONVERSION = YES;
				CLANG_WARN_DIRECT_OBJC_ISA_USAGE = YES_ERROR;
				CLANG_WARN_EMPTY_BODY = YES;
				CLANG_WARN_ENUM_CONVERSION = YES;
				CLANG_WARN_INT_CONVERSION = YES;
				CLANG_WARN_OBJC_ROOT_CLASS = YES_ERROR;
				CLANG_WARN__DUPLICATE_METHOD_MATCH = YES;
				"CODE_SIGN_IDENTITY[sdk=iphoneos*]" = "iPhone Developer";
				COPY_PHASE_STRIP = NO;
				GCC_C_LANGUAGE_STANDARD = gnu99;
				GCC_DYNAMIC_NO_PIC = NO;
				GCC_OPTIMIZATION_LEVEL = 0;
				GCC_PREPROCESSOR_DEFINITIONS = (
					"DEBUG=1",
					"$(inherited)",
				);
				GCC_SYMBOLS_PRIVATE_EXTERN = NO;
				GCC_WARN_64_TO_32_BIT_CONVERSION = YES;
				GCC_WARN_ABOUT_RETURN_TYPE = YES_ERROR;
				GCC_WARN_UNDECLARED_SELECTOR = YES;
				GCC_WARN_UNINITIALIZED_AUTOS = YES_AGGRESSIVE;
				GCC_WARN_UNUSED_FUNCTION = YES;
				GCC_WARN_UNUSED_VARIABLE = YES;
				IPHONEOS_DEPLOYMENT_TARGET = 7.1;
				ONLY_ACTIVE_ARCH = YES;
				SDKROOT = iphoneos;
				TARGETED_DEVICE_FAMILY = "1,2";
			};
			name = Debug;
		};
		52575F9019CA40B000F37DD3 /* Release */ = {
			isa = XCBuildConfiguration;
			buildSettings = {
				ALWAYS_SEARCH_USER_PATHS = NO;
				CLANG_CXX_LANGUAGE_STANDARD = "gnu++0x";
				CLANG_CXX_LIBRARY = "libc++";
				CLANG_ENABLE_MODULES = YES;
				CLANG_ENABLE_OBJC_ARC = YES;
				CLANG_WARN_BOOL_CONVERSION = YES;
				CLANG_WARN_CONSTANT_CONVERSION = YES;
				CLANG_WARN_DIRECT_OBJC_ISA_USAGE = YES_ERROR;
				CLANG_WARN_EMPTY_BODY = YES;
				CLANG_WARN_ENUM_CONVERSION = YES;
				CLANG_WARN_INT_CONVERSION = YES;
				CLANG_WARN_OBJC_ROOT_CLASS = YES_ERROR;
				CLANG_WARN__DUPLICATE_METHOD_MATCH = YES;
				"CODE_SIGN_IDENTITY[sdk=iphoneos*]" = "iPhone Developer";
				COPY_PHASE_STRIP = YES;
				ENABLE_NS_ASSERTIONS = NO;
				GCC_C_LANGUAGE_STANDARD = gnu99;
				GCC_WARN_64_TO_32_BIT_CONVERSION = YES;
				GCC_WARN_ABOUT_RETURN_TYPE = YES_ERROR;
				GCC_WARN_UNDECLARED_SELECTOR = YES;
				GCC_WARN_UNINITIALIZED_AUTOS = YES_AGGRESSIVE;
				GCC_WARN_UNUSED_FUNCTION = YES;
				GCC_WARN_UNUSED_VARIABLE = YES;
				IPHONEOS_DEPLOYMENT_TARGET = 7.1;
				SDKROOT = iphoneos;
				TARGETED_DEVICE_FAMILY = "1,2";
				VALIDATE_PRODUCT = YES;
			};
			name = Release;
		};
		52575F9219CA40B000F37DD3 /* Debug */ = {
			isa = XCBuildConfiguration;
			buildSettings = {
				ASSETCATALOG_COMPILER_APPICON_NAME = AppIcon;
				ASSETCATALOG_COMPILER_LAUNCHIMAGE_NAME = LaunchImage;
				GCC_PRECOMPILE_PREFIX_HEADER = YES;
				GCC_PREFIX_HEADER = "todo-task/todo-task-Prefix.pch";
				INFOPLIST_FILE = "todo-task/todo-task-Info.plist";
				PRODUCT_NAME = "$(TARGET_NAME)";
				WRAPPER_EXTENSION = app;
			};
			name = Debug;
		};
		52575F9319CA40B000F37DD3 /* Release */ = {
			isa = XCBuildConfiguration;
			buildSettings = {
				ASSETCATALOG_COMPILER_APPICON_NAME = AppIcon;
				ASSETCATALOG_COMPILER_LAUNCHIMAGE_NAME = LaunchImage;
				GCC_PRECOMPILE_PREFIX_HEADER = YES;
				GCC_PREFIX_HEADER = "todo-task/todo-task-Prefix.pch";
				INFOPLIST_FILE = "todo-task/todo-task-Info.plist";
				PRODUCT_NAME = "$(TARGET_NAME)";
				WRAPPER_EXTENSION = app;
			};
			name = Release;
		};
		52575F9519CA40B000F37DD3 /* Debug */ = {
			isa = XCBuildConfiguration;
			buildSettings = {
				BUNDLE_LOADER = "$(BUILT_PRODUCTS_DIR)/todo-task.app/todo-task";
				FRAMEWORK_SEARCH_PATHS = (
					"$(SDKROOT)/Developer/Library/Frameworks",
					"$(inherited)",
					"$(DEVELOPER_FRAMEWORKS_DIR)",
				);
				GCC_PRECOMPILE_PREFIX_HEADER = YES;
				GCC_PREFIX_HEADER = "todo-task/todo-task-Prefix.pch";
				GCC_PREPROCESSOR_DEFINITIONS = (
					"DEBUG=1",
					"$(inherited)",
				);
				INFOPLIST_FILE = "todo-taskTests/todo-taskTests-Info.plist";
				PRODUCT_NAME = "$(TARGET_NAME)";
				TEST_HOST = "$(BUNDLE_LOADER)";
				WRAPPER_EXTENSION = xctest;
			};
			name = Debug;
		};
		52575F9619CA40B000F37DD3 /* Release */ = {
			isa = XCBuildConfiguration;
			buildSettings = {
				BUNDLE_LOADER = "$(BUILT_PRODUCTS_DIR)/todo-task.app/todo-task";
				FRAMEWORK_SEARCH_PATHS = (
					"$(SDKROOT)/Developer/Library/Frameworks",
					"$(inherited)",
					"$(DEVELOPER_FRAMEWORKS_DIR)",
				);
				GCC_PRECOMPILE_PREFIX_HEADER = YES;
				GCC_PREFIX_HEADER = "todo-task/todo-task-Prefix.pch";
				INFOPLIST_FILE = "todo-taskTests/todo-taskTests-Info.plist";
				PRODUCT_NAME = "$(TARGET_NAME)";
				TEST_HOST = "$(BUNDLE_LOADER)";
				WRAPPER_EXTENSION = xctest;
			};
			name = Release;
		};
/* End XCBuildConfiguration section */

/* Begin XCConfigurationList section */
		52575F5719CA40B000F37DD3 /* Build configuration list for PBXProject "todo-task" */ = {
			isa = XCConfigurationList;
			buildConfigurations = (
				52575F8F19CA40B000F37DD3 /* Debug */,
				52575F9019CA40B000F37DD3 /* Release */,
			);
			defaultConfigurationIsVisible = 0;
			defaultConfigurationName = Release;
		};
		52575F9119CA40B000F37DD3 /* Build configuration list for PBXNativeTarget "todo-task" */ = {
			isa = XCConfigurationList;
			buildConfigurations = (
				52575F9219CA40B000F37DD3 /* Debug */,
				52575F9319CA40B000F37DD3 /* Release */,
			);
			defaultConfigurationIsVisible = 0;
			defaultConfigurationName = Release;
		};
		52575F9419CA40B000F37DD3 /* Build configuration list for PBXNativeTarget "todo-taskTests" */ = {
			isa = XCConfigurationList;
			buildConfigurations = (
				52575F9519CA40B000F37DD3 /* Debug */,
				52575F9619CA40B000F37DD3 /* Release */,
			);
			defaultConfigurationIsVisible = 0;
			defaultConfigurationName = Release;
		};
/* End XCConfigurationList section */

/* Begin XCVersionGroup section */
		52575FFB19CA4AF600F37DD3 /* Model.xcdatamodeld */ = {
			isa = XCVersionGroup;
			children = (
				52575FFC19CA4AF600F37DD3 /* Model.xcdatamodel */,
			);
			currentVersion = 52575FFC19CA4AF600F37DD3 /* Model.xcdatamodel */;
			path = Model.xcdatamodeld;
			sourceTree = "<group>";
			versionGroupType = wrapper.xcdatamodel;
		};
/* End XCVersionGroup section */
	};
	rootObject = 52575F5419CA40B000F37DD3 /* Project object */;
}
